
Microsoft Visual Studio Solution File, Format Version 12.00
# Visual Studio Version 17
VisualStudioVersion = 17.7.34031.279
MinimumVisualStudioVersion = 10.0.40219.1
Project("{8BC9CEB8-8B4A-11D0-8D11-00A0C91BC942}") = "Project1", "Project1.vcxproj", "{DA5879B2-0CD5-422E-B470-F6054820388C}"
EndProject
Global
	GlobalSection(SolutionConfigurationPlatforms) = preSolution
		Debug|x64 = Debug|x64
		Debug|x86 = Debug|x86
		Release|x64 = Release|x64
		Release|x86 = Release|x86
	EndGlobalSection
	GlobalSection(ProjectConfigurationPlatforms) = postSolution
		{DA5879B2-0CD5-422E-B470-F6054820388C}.Debug|x64.ActiveCfg = Debug|x64
		{DA5879B2-0CD5-422E-B470-F6054820388C}.Debug|x64.Build.0 = Debug|x64
		{DA5879B2-0CD5-422E-B470-F6054820388C}.Debug|x86.ActiveCfg = Debug|Win32
		{DA5879B2-0CD5-422E-B470-F6054820388C}.Debug|x86.Build.0 = Debug|Win32
		{DA5879B2-0CD5-422E-B470-F6054820388C}.Release|x64.ActiveCfg = Release|x64
		{DA5879B2-0CD5-422E-B470-F6054820388C}.Release|x64.Build.0 = Release|x64
		{DA5879B2-0CD5-422E-B470-F6054820388C}.Release|x86.ActiveCfg = Release|Win32
		{DA5879B2-0CD5-422E-B470-F6054820388C}.Release|x86.Build.0 = Release|Win32
	EndGlobalSection
	GlobalSection(SolutionProperties) = preSolution
		HideSolutionNode = FALSE
	EndGlobalSection
	GlobalSection(ExtensibilityGlobals) = postSolution
		SolutionGuid = {21D256B7-2897-4FFC-922E-D53DFAD4E123}
	EndGlobalSection
EndGlobal
